// !$*UTF8*$!
{
	archiveVersion = 1;
	classes = {
	};
	objectVersion = 56;
	objects = {

/* Begin PBXBuildFile section */
		1A618C722ACF092500115563 /* AppDelegate.swift in Sources */ = {isa = PBXBuildFile; fileRef = 1A618C712ACF092500115563 /* AppDelegate.swift */; };
		1A618C742ACF092500115563 /* SceneDelegate.swift in Sources */ = {isa = PBXBuildFile; fileRef = 1A618C732ACF092500115563 /* SceneDelegate.swift */; };
		1A618C762ACF092500115563 /* ViewController.swift in Sources */ = {isa = PBXBuildFile; fileRef = 1A618C752ACF092500115563 /* ViewController.swift */; };
		1A618C792ACF092500115563 /* Main.storyboard in Resources */ = {isa = PBXBuildFile; fileRef = 1A618C772ACF092500115563 /* Main.storyboard */; };
		1A618C7B2ACF092600115563 /* Assets.xcassets in Resources */ = {isa = PBXBuildFile; fileRef = 1A618C7A2ACF092600115563 /* Assets.xcassets */; };
		1A618C7E2ACF092600115563 /* LaunchScreen.storyboard in Resources */ = {isa = PBXBuildFile; fileRef = 1A618C7C2ACF092600115563 /* LaunchScreen.storyboard */; };
		1A618C892ACF092600115563 /* McRadarTests.swift in Sources */ = {isa = PBXBuildFile; fileRef = 1A618C882ACF092600115563 /* McRadarTests.swift */; };
		1A618C932ACF092600115563 /* McRadarUITests.swift in Sources */ = {isa = PBXBuildFile; fileRef = 1A618C922ACF092600115563 /* McRadarUITests.swift */; };
		1A618C952ACF092600115563 /* McRadarUITestsLaunchTests.swift in Sources */ = {isa = PBXBuildFile; fileRef = 1A618C942ACF092600115563 /* McRadarUITestsLaunchTests.swift */; };
		1A618CA82ACF099D00115563 /* WidgetKit.framework in Frameworks */ = {isa = PBXBuildFile; fileRef = 1A618CA72ACF099D00115563 /* WidgetKit.framework */; };
		1A618CAA2ACF099D00115563 /* SwiftUI.framework in Frameworks */ = {isa = PBXBuildFile; fileRef = 1A618CA92ACF099D00115563 /* SwiftUI.framework */; };
		1A618CAD2ACF099D00115563 /* McWidgetBundle.swift in Sources */ = {isa = PBXBuildFile; fileRef = 1A618CAC2ACF099D00115563 /* McWidgetBundle.swift */; };
		1A618CAF2ACF099D00115563 /* McWidgetLiveActivity.swift in Sources */ = {isa = PBXBuildFile; fileRef = 1A618CAE2ACF099D00115563 /* McWidgetLiveActivity.swift */; };
		1A618CB12ACF099D00115563 /* McWidget.swift in Sources */ = {isa = PBXBuildFile; fileRef = 1A618CB02ACF099D00115563 /* McWidget.swift */; };
		1A618CB42ACF099E00115563 /* Assets.xcassets in Resources */ = {isa = PBXBuildFile; fileRef = 1A618CB32ACF099E00115563 /* Assets.xcassets */; };
		1A618CB62ACF099E00115563 /* McWidget.intentdefinition in Sources */ = {isa = PBXBuildFile; fileRef = 1A618CB22ACF099D00115563 /* McWidget.intentdefinition */; };
		1A618CB72ACF099E00115563 /* McWidget.intentdefinition in Sources */ = {isa = PBXBuildFile; fileRef = 1A618CB22ACF099D00115563 /* McWidget.intentdefinition */; };
		1A618CBA2ACF099E00115563 /* McWidgetExtension.appex in Embed Foundation Extensions */ = {isa = PBXBuildFile; fileRef = 1A618CA52ACF099D00115563 /* McWidgetExtension.appex */; settings = {ATTRIBUTES = (RemoveHeadersOnCopy, ); }; };
/* End PBXBuildFile section */

/* Begin PBXContainerItemProxy section */
		1A618C852ACF092600115563 /* PBXContainerItemProxy */ = {
			isa = PBXContainerItemProxy;
			containerPortal = 1A618C662ACF092500115563 /* Project object */;
			proxyType = 1;
			remoteGlobalIDString = 1A618C6D2ACF092500115563;
			remoteInfo = McRadar;
		};
		1A618C8F2ACF092600115563 /* PBXContainerItemProxy */ = {
			isa = PBXContainerItemProxy;
			containerPortal = 1A618C662ACF092500115563 /* Project object */;
			proxyType = 1;
			remoteGlobalIDString = 1A618C6D2ACF092500115563;
			remoteInfo = McRadar;
		};
		1A618CB82ACF099E00115563 /* PBXContainerItemProxy */ = {
			isa = PBXContainerItemProxy;
			containerPortal = 1A618C662ACF092500115563 /* Project object */;
			proxyType = 1;
			remoteGlobalIDString = 1A618CA42ACF099D00115563;
			remoteInfo = McWidgetExtension;
		};
/* End PBXContainerItemProxy section */

/* Begin PBXCopyFilesBuildPhase section */
		1A618CBE2ACF099E00115563 /* Embed Foundation Extensions */ = {
			isa = PBXCopyFilesBuildPhase;
			buildActionMask = 2147483647;
			dstPath = "";
			dstSubfolderSpec = 13;
			files = (
				1A618CBA2ACF099E00115563 /* McWidgetExtension.appex in Embed Foundation Extensions */,
			);
			name = "Embed Foundation Extensions";
			runOnlyForDeploymentPostprocessing = 0;
		};
/* End PBXCopyFilesBuildPhase section */

/* Begin PBXFileReference section */
		1A618C6E2ACF092500115563 /* McRadar.app */ = {isa = PBXFileReference; explicitFileType = wrapper.application; includeInIndex = 0; path = McRadar.app; sourceTree = BUILT_PRODUCTS_DIR; };
		1A618C712ACF092500115563 /* AppDelegate.swift */ = {isa = PBXFileReference; lastKnownFileType = sourcecode.swift; path = AppDelegate.swift; sourceTree = "<group>"; };
		1A618C732ACF092500115563 /* SceneDelegate.swift */ = {isa = PBXFileReference; lastKnownFileType = sourcecode.swift; path = SceneDelegate.swift; sourceTree = "<group>"; };
		1A618C752ACF092500115563 /* ViewController.swift */ = {isa = PBXFileReference; lastKnownFileType = sourcecode.swift; path = ViewController.swift; sourceTree = "<group>"; };
		1A618C782ACF092500115563 /* Base */ = {isa = PBXFileReference; lastKnownFileType = file.storyboard; name = Base; path = Base.lproj/Main.storyboard; sourceTree = "<group>"; };
		1A618C7A2ACF092600115563 /* Assets.xcassets */ = {isa = PBXFileReference; lastKnownFileType = folder.assetcatalog; path = Assets.xcassets; sourceTree = "<group>"; };
		1A618C7D2ACF092600115563 /* Base */ = {isa = PBXFileReference; lastKnownFileType = file.storyboard; name = Base; path = Base.lproj/LaunchScreen.storyboard; sourceTree = "<group>"; };
		1A618C7F2ACF092600115563 /* Info.plist */ = {isa = PBXFileReference; lastKnownFileType = text.plist.xml; path = Info.plist; sourceTree = "<group>"; };
		1A618C842ACF092600115563 /* McRadarTests.xctest */ = {isa = PBXFileReference; explicitFileType = wrapper.cfbundle; includeInIndex = 0; path = McRadarTests.xctest; sourceTree = BUILT_PRODUCTS_DIR; };
		1A618C882ACF092600115563 /* McRadarTests.swift */ = {isa = PBXFileReference; lastKnownFileType = sourcecode.swift; path = McRadarTests.swift; sourceTree = "<group>"; };
		1A618C8E2ACF092600115563 /* McRadarUITests.xctest */ = {isa = PBXFileReference; explicitFileType = wrapper.cfbundle; includeInIndex = 0; path = McRadarUITests.xctest; sourceTree = BUILT_PRODUCTS_DIR; };
		1A618C922ACF092600115563 /* McRadarUITests.swift */ = {isa = PBXFileReference; lastKnownFileType = sourcecode.swift; path = McRadarUITests.swift; sourceTree = "<group>"; };
		1A618C942ACF092600115563 /* McRadarUITestsLaunchTests.swift */ = {isa = PBXFileReference; lastKnownFileType = sourcecode.swift; path = McRadarUITestsLaunchTests.swift; sourceTree = "<group>"; };
		1A618CA52ACF099D00115563 /* McWidgetExtension.appex */ = {isa = PBXFileReference; explicitFileType = "wrapper.app-extension"; includeInIndex = 0; path = McWidgetExtension.appex; sourceTree = BUILT_PRODUCTS_DIR; };
		1A618CA72ACF099D00115563 /* WidgetKit.framework */ = {isa = PBXFileReference; lastKnownFileType = wrapper.framework; name = WidgetKit.framework; path = System/Library/Frameworks/WidgetKit.framework; sourceTree = SDKROOT; };
		1A618CA92ACF099D00115563 /* SwiftUI.framework */ = {isa = PBXFileReference; lastKnownFileType = wrapper.framework; name = SwiftUI.framework; path = System/Library/Frameworks/SwiftUI.framework; sourceTree = SDKROOT; };
		1A618CAC2ACF099D00115563 /* McWidgetBundle.swift */ = {isa = PBXFileReference; lastKnownFileType = sourcecode.swift; path = McWidgetBundle.swift; sourceTree = "<group>"; };
		1A618CAE2ACF099D00115563 /* McWidgetLiveActivity.swift */ = {isa = PBXFileReference; lastKnownFileType = sourcecode.swift; path = McWidgetLiveActivity.swift; sourceTree = "<group>"; };
		1A618CB02ACF099D00115563 /* McWidget.swift */ = {isa = PBXFileReference; lastKnownFileType = sourcecode.swift; path = McWidget.swift; sourceTree = "<group>"; };
		1A618CB22ACF099D00115563 /* McWidget.intentdefinition */ = {isa = PBXFileReference; lastKnownFileType = file.intentdefinition; path = McWidget.intentdefinition; sourceTree = "<group>"; };
		1A618CB32ACF099E00115563 /* Assets.xcassets */ = {isa = PBXFileReference; lastKnownFileType = folder.assetcatalog; path = Assets.xcassets; sourceTree = "<group>"; };
		1A618CB52ACF099E00115563 /* Info.plist */ = {isa = PBXFileReference; lastKnownFileType = text.plist.xml; path = Info.plist; sourceTree = "<group>"; };
/* End PBXFileReference section */

/* Begin PBXFrameworksBuildPhase section */
		1A618C6B2ACF092500115563 /* Frameworks */ = {
			isa = PBXFrameworksBuildPhase;
			buildActionMask = 2147483647;
			files = (
			);
			runOnlyForDeploymentPostprocessing = 0;
		};
		1A618C812ACF092600115563 /* Frameworks */ = {
			isa = PBXFrameworksBuildPhase;
			buildActionMask = 2147483647;
			files = (
			);
			runOnlyForDeploymentPostprocessing = 0;
		};
		1A618C8B2ACF092600115563 /* Frameworks */ = {
			isa = PBXFrameworksBuildPhase;
			buildActionMask = 2147483647;
			files = (
			);
			runOnlyForDeploymentPostprocessing = 0;
		};
		1A618CA22ACF099D00115563 /* Frameworks */ = {
			isa = PBXFrameworksBuildPhase;
			buildActionMask = 2147483647;
			files = (
				1A618CAA2ACF099D00115563 /* SwiftUI.framework in Frameworks */,
				1A618CA82ACF099D00115563 /* WidgetKit.framework in Frameworks */,
			);
			runOnlyForDeploymentPostprocessing = 0;
		};
/* End PBXFrameworksBuildPhase section */

/* Begin PBXGroup section */
		1A618C652ACF092500115563 = {
			isa = PBXGroup;
			children = (
				1A618C702ACF092500115563 /* McRadar */,
				1A618C872ACF092600115563 /* McRadarTests */,
				1A618C912ACF092600115563 /* McRadarUITests */,
				1A618CAB2ACF099D00115563 /* McWidget */,
				1A618CA62ACF099D00115563 /* Frameworks */,
				1A618C6F2ACF092500115563 /* Products */,
			);
			sourceTree = "<group>";
		};
		1A618C6F2ACF092500115563 /* Products */ = {
			isa = PBXGroup;
			children = (
				1A618C6E2ACF092500115563 /* McRadar.app */,
				1A618C842ACF092600115563 /* McRadarTests.xctest */,
				1A618C8E2ACF092600115563 /* McRadarUITests.xctest */,
				1A618CA52ACF099D00115563 /* McWidgetExtension.appex */,
			);
			name = Products;
			sourceTree = "<group>";
		};
		1A618C702ACF092500115563 /* McRadar */ = {
			isa = PBXGroup;
			children = (
				1A618C712ACF092500115563 /* AppDelegate.swift */,
				1A618C732ACF092500115563 /* SceneDelegate.swift */,
				1A618C752ACF092500115563 /* ViewController.swift */,
				1A618C772ACF092500115563 /* Main.storyboard */,
				1A618C7A2ACF092600115563 /* Assets.xcassets */,
				1A618C7C2ACF092600115563 /* LaunchScreen.storyboard */,
				1A618C7F2ACF092600115563 /* Info.plist */,
			);
			path = McRadar;
			sourceTree = "<group>";
		};
		1A618C872ACF092600115563 /* McRadarTests */ = {
			isa = PBXGroup;
			children = (
				1A618C882ACF092600115563 /* McRadarTests.swift */,
			);
			path = McRadarTests;
			sourceTree = "<group>";
		};
		1A618C912ACF092600115563 /* McRadarUITests */ = {
			isa = PBXGroup;
			children = (
				1A618C922ACF092600115563 /* McRadarUITests.swift */,
				1A618C942ACF092600115563 /* McRadarUITestsLaunchTests.swift */,
			);
			path = McRadarUITests;
			sourceTree = "<group>";
		};
		1A618CA62ACF099D00115563 /* Frameworks */ = {
			isa = PBXGroup;
			children = (
				1A618CA72ACF099D00115563 /* WidgetKit.framework */,
				1A618CA92ACF099D00115563 /* SwiftUI.framework */,
			);
			name = Frameworks;
			sourceTree = "<group>";
		};
		1A618CAB2ACF099D00115563 /* McWidget */ = {
			isa = PBXGroup;
			children = (
				1A618CAC2ACF099D00115563 /* McWidgetBundle.swift */,
				1A618CAE2ACF099D00115563 /* McWidgetLiveActivity.swift */,
				1A618CB02ACF099D00115563 /* McWidget.swift */,
				1A618CB22ACF099D00115563 /* McWidget.intentdefinition */,
				1A618CB32ACF099E00115563 /* Assets.xcassets */,
				1A618CB52ACF099E00115563 /* Info.plist */,
			);
			path = McWidget;
			sourceTree = "<group>";
		};
/* End PBXGroup section */

/* Begin PBXNativeTarget section */
		1A618C6D2ACF092500115563 /* McRadar */ = {
			isa = PBXNativeTarget;
			buildConfigurationList = 1A618C982ACF092600115563 /* Build configuration list for PBXNativeTarget "McRadar" */;
			buildPhases = (
				1A618C6A2ACF092500115563 /* Sources */,
				1A618C6B2ACF092500115563 /* Frameworks */,
				1A618C6C2ACF092500115563 /* Resources */,
				1A618CBE2ACF099E00115563 /* Embed Foundation Extensions */,
			);
			buildRules = (
			);
			dependencies = (
				1A618CB92ACF099E00115563 /* PBXTargetDependency */,
			);
			name = McRadar;
			productName = McRadar;
			productReference = 1A618C6E2ACF092500115563 /* McRadar.app */;
			productType = "com.apple.product-type.application";
		};
		1A618C832ACF092600115563 /* McRadarTests */ = {
			isa = PBXNativeTarget;
			buildConfigurationList = 1A618C9B2ACF092600115563 /* Build configuration list for PBXNativeTarget "McRadarTests" */;
			buildPhases = (
				1A618C802ACF092600115563 /* Sources */,
				1A618C812ACF092600115563 /* Frameworks */,
				1A618C822ACF092600115563 /* Resources */,
			);
			buildRules = (
			);
			dependencies = (
				1A618C862ACF092600115563 /* PBXTargetDependency */,
			);
			name = McRadarTests;
			productName = McRadarTests;
			productReference = 1A618C842ACF092600115563 /* McRadarTests.xctest */;
			productType = "com.apple.product-type.bundle.unit-test";
		};
		1A618C8D2ACF092600115563 /* McRadarUITests */ = {
			isa = PBXNativeTarget;
			buildConfigurationList = 1A618C9E2ACF092600115563 /* Build configuration list for PBXNativeTarget "McRadarUITests" */;
			buildPhases = (
				1A618C8A2ACF092600115563 /* Sources */,
				1A618C8B2ACF092600115563 /* Frameworks */,
				1A618C8C2ACF092600115563 /* Resources */,
			);
			buildRules = (
			);
			dependencies = (
				1A618C902ACF092600115563 /* PBXTargetDependency */,
			);
			name = McRadarUITests;
			productName = McRadarUITests;
			productReference = 1A618C8E2ACF092600115563 /* McRadarUITests.xctest */;
			productType = "com.apple.product-type.bundle.ui-testing";
		};
		1A618CA42ACF099D00115563 /* McWidgetExtension */ = {
			isa = PBXNativeTarget;
			buildConfigurationList = 1A618CBB2ACF099E00115563 /* Build configuration list for PBXNativeTarget "McWidgetExtension" */;
			buildPhases = (
				1A618CA12ACF099D00115563 /* Sources */,
				1A618CA22ACF099D00115563 /* Frameworks */,
				1A618CA32ACF099D00115563 /* Resources */,
			);
			buildRules = (
			);
			dependencies = (
			);
			name = McWidgetExtension;
			productName = McWidgetExtension;
			productReference = 1A618CA52ACF099D00115563 /* McWidgetExtension.appex */;
			productType = "com.apple.product-type.app-extension";
		};
/* End PBXNativeTarget section */

/* Begin PBXProject section */
		1A618C662ACF092500115563 /* Project object */ = {
			isa = PBXProject;
			attributes = {
				BuildIndependentTargetsInParallel = 1;
				LastSwiftUpdateCheck = 1430;
				LastUpgradeCheck = 1430;
				TargetAttributes = {
					1A618C6D2ACF092500115563 = {
						CreatedOnToolsVersion = 14.3.1;
					};
					1A618C832ACF092600115563 = {
						CreatedOnToolsVersion = 14.3.1;
						TestTargetID = 1A618C6D2ACF092500115563;
					};
					1A618C8D2ACF092600115563 = {
						CreatedOnToolsVersion = 14.3.1;
						TestTargetID = 1A618C6D2ACF092500115563;
					};
					1A618CA42ACF099D00115563 = {
						CreatedOnToolsVersion = 14.3.1;
					};
				};
			};
			buildConfigurationList = 1A618C692ACF092500115563 /* Build configuration list for PBXProject "McRadar" */;
			compatibilityVersion = "Xcode 14.0";
			developmentRegion = en;
			hasScannedForEncodings = 0;
			knownRegions = (
				en,
				Base,
			);
			mainGroup = 1A618C652ACF092500115563;
			productRefGroup = 1A618C6F2ACF092500115563 /* Products */;
			projectDirPath = "";
			projectRoot = "";
			targets = (
				1A618C6D2ACF092500115563 /* McRadar */,
				1A618C832ACF092600115563 /* McRadarTests */,
				1A618C8D2ACF092600115563 /* McRadarUITests */,
				1A618CA42ACF099D00115563 /* McWidgetExtension */,
			);
		};
/* End PBXProject section */

/* Begin PBXResourcesBuildPhase section */
		1A618C6C2ACF092500115563 /* Resources */ = {
			isa = PBXResourcesBuildPhase;
			buildActionMask = 2147483647;
			files = (
				1A618C7E2ACF092600115563 /* LaunchScreen.storyboard in Resources */,
				1A618C7B2ACF092600115563 /* Assets.xcassets in Resources */,
				1A618C792ACF092500115563 /* Main.storyboard in Resources */,
			);
			runOnlyForDeploymentPostprocessing = 0;
		};
		1A618C822ACF092600115563 /* Resources */ = {
			isa = PBXResourcesBuildPhase;
			buildActionMask = 2147483647;
			files = (
			);
			runOnlyForDeploymentPostprocessing = 0;
		};
		1A618C8C2ACF092600115563 /* Resources */ = {
			isa = PBXResourcesBuildPhase;
			buildActionMask = 2147483647;
			files = (
			);
			runOnlyForDeploymentPostprocessing = 0;
		};
		1A618CA32ACF099D00115563 /* Resources */ = {
			isa = PBXResourcesBuildPhase;
			buildActionMask = 2147483647;
			files = (
				1A618CB42ACF099E00115563 /* Assets.xcassets in Resources */,
			);
			runOnlyForDeploymentPostprocessing = 0;
		};
/* End PBXResourcesBuildPhase section */

/* Begin PBXSourcesBuildPhase section */
		1A618C6A2ACF092500115563 /* Sources */ = {
			isa = PBXSourcesBuildPhase;
			buildActionMask = 2147483647;
			files = (
				1A618C762ACF092500115563 /* ViewController.swift in Sources */,
				1A618C722ACF092500115563 /* AppDelegate.swift in Sources */,
				1A618CB72ACF099E00115563 /* McWidget.intentdefinition in Sources */,
				1A618C742ACF092500115563 /* SceneDelegate.swift in Sources */,
			);
			runOnlyForDeploymentPostprocessing = 0;
		};
		1A618C802ACF092600115563 /* Sources */ = {
			isa = PBXSourcesBuildPhase;
			buildActionMask = 2147483647;
			files = (
				1A618C892ACF092600115563 /* McRadarTests.swift in Sources */,
			);
			runOnlyForDeploymentPostprocessing = 0;
		};
		1A618C8A2ACF092600115563 /* Sources */ = {
			isa = PBXSourcesBuildPhase;
			buildActionMask = 2147483647;
			files = (
				1A618C932ACF092600115563 /* McRadarUITests.swift in Sources */,
				1A618C952ACF092600115563 /* McRadarUITestsLaunchTests.swift in Sources */,
			);
			runOnlyForDeploymentPostprocessing = 0;
		};
		1A618CA12ACF099D00115563 /* Sources */ = {
			isa = PBXSourcesBuildPhase;
			buildActionMask = 2147483647;
			files = (
				1A618CAF2ACF099D00115563 /* McWidgetLiveActivity.swift in Sources */,
				1A618CB12ACF099D00115563 /* McWidget.swift in Sources */,
				1A618CB62ACF099E00115563 /* McWidget.intentdefinition in Sources */,
				1A618CAD2ACF099D00115563 /* McWidgetBundle.swift in Sources */,
			);
			runOnlyForDeploymentPostprocessing = 0;
		};
/* End PBXSourcesBuildPhase section */

/* Begin PBXTargetDependency section */
		1A618C862ACF092600115563 /* PBXTargetDependency */ = {
			isa = PBXTargetDependency;
			target = 1A618C6D2ACF092500115563 /* McRadar */;
			targetProxy = 1A618C852ACF092600115563 /* PBXContainerItemProxy */;
		};
		1A618C902ACF092600115563 /* PBXTargetDependency */ = {
			isa = PBXTargetDependency;
			target = 1A618C6D2ACF092500115563 /* McRadar */;
			targetProxy = 1A618C8F2ACF092600115563 /* PBXContainerItemProxy */;
		};
		1A618CB92ACF099E00115563 /* PBXTargetDependency */ = {
			isa = PBXTargetDependency;
			target = 1A618CA42ACF099D00115563 /* McWidgetExtension */;
			targetProxy = 1A618CB82ACF099E00115563 /* PBXContainerItemProxy */;
		};
/* End PBXTargetDependency section */

/* Begin PBXVariantGroup section */
		1A618C772ACF092500115563 /* Main.storyboard */ = {
			isa = PBXVariantGroup;
			children = (
				1A618C782ACF092500115563 /* Base */,
			);
			name = Main.storyboard;
			sourceTree = "<group>";
		};
		1A618C7C2ACF092600115563 /* LaunchScreen.storyboard */ = {
			isa = PBXVariantGroup;
			children = (
				1A618C7D2ACF092600115563 /* Base */,
			);
			name = LaunchScreen.storyboard;
			sourceTree = "<group>";
		};
/* End PBXVariantGroup section */

/* Begin XCBuildConfiguration section */
		1A618C962ACF092600115563 /* Debug */ = {
			isa = XCBuildConfiguration;
			buildSettings = {
				ALWAYS_SEARCH_USER_PATHS = NO;
				CLANG_ANALYZER_NONNULL = YES;
				CLANG_ANALYZER_NUMBER_OBJECT_CONVERSION = YES_AGGRESSIVE;
				CLANG_CXX_LANGUAGE_STANDARD = "gnu++20";
				CLANG_ENABLE_MODULES = YES;
				CLANG_ENABLE_OBJC_ARC = YES;
				CLANG_ENABLE_OBJC_WEAK = YES;
				CLANG_WARN_BLOCK_CAPTURE_AUTORELEASING = YES;
				CLANG_WARN_BOOL_CONVERSION = YES;
				CLANG_WARN_COMMA = YES;
				CLANG_WARN_CONSTANT_CONVERSION = YES;
				CLANG_WARN_DEPRECATED_OBJC_IMPLEMENTATIONS = YES;
				CLANG_WARN_DIRECT_OBJC_ISA_USAGE = YES_ERROR;
				CLANG_WARN_DOCUMENTATION_COMMENTS = YES;
				CLANG_WARN_EMPTY_BODY = YES;
				CLANG_WARN_ENUM_CONVERSION = YES;
				CLANG_WARN_INFINITE_RECURSION = YES;
				CLANG_WARN_INT_CONVERSION = YES;
				CLANG_WARN_NON_LITERAL_NULL_CONVERSION = YES;
				CLANG_WARN_OBJC_IMPLICIT_RETAIN_SELF = YES;
				CLANG_WARN_OBJC_LITERAL_CONVERSION = YES;
				CLANG_WARN_OBJC_ROOT_CLASS = YES_ERROR;
				CLANG_WARN_QUOTED_INCLUDE_IN_FRAMEWORK_HEADER = YES;
				CLANG_WARN_RANGE_LOOP_ANALYSIS = YES;
				CLANG_WARN_STRICT_PROTOTYPES = YES;
				CLANG_WARN_SUSPICIOUS_MOVE = YES;
				CLANG_WARN_UNGUARDED_AVAILABILITY = YES_AGGRESSIVE;
				CLANG_WARN_UNREACHABLE_CODE = YES;
				CLANG_WARN__DUPLICATE_METHOD_MATCH = YES;
				COPY_PHASE_STRIP = NO;
				DEBUG_INFORMATION_FORMAT = dwarf;
				ENABLE_STRICT_OBJC_MSGSEND = YES;
				ENABLE_TESTABILITY = YES;
				GCC_C_LANGUAGE_STANDARD = gnu11;
				GCC_DYNAMIC_NO_PIC = NO;
				GCC_NO_COMMON_BLOCKS = YES;
				GCC_OPTIMIZATION_LEVEL = 0;
				GCC_PREPROCESSOR_DEFINITIONS = (
					"DEBUG=1",
					"$(inherited)",
				);
				GCC_WARN_64_TO_32_BIT_CONVERSION = YES;
				GCC_WARN_ABOUT_RETURN_TYPE = YES_ERROR;
				GCC_WARN_UNDECLARED_SELECTOR = YES;
				GCC_WARN_UNINITIALIZED_AUTOS = YES_AGGRESSIVE;
				GCC_WARN_UNUSED_FUNCTION = YES;
				GCC_WARN_UNUSED_VARIABLE = YES;
				IPHONEOS_DEPLOYMENT_TARGET = 16.4;
				MTL_ENABLE_DEBUG_INFO = INCLUDE_SOURCE;
				MTL_FAST_MATH = YES;
				ONLY_ACTIVE_ARCH = YES;
				SDKROOT = iphoneos;
				SWIFT_ACTIVE_COMPILATION_CONDITIONS = DEBUG;
				SWIFT_OPTIMIZATION_LEVEL = "-Onone";
			};
			name = Debug;
		};
		1A618C972ACF092600115563 /* Release */ = {
			isa = XCBuildConfiguration;
			buildSettings = {
				ALWAYS_SEARCH_USER_PATHS = NO;
				CLANG_ANALYZER_NONNULL = YES;
				CLANG_ANALYZER_NUMBER_OBJECT_CONVERSION = YES_AGGRESSIVE;
				CLANG_CXX_LANGUAGE_STANDARD = "gnu++20";
				CLANG_ENABLE_MODULES = YES;
				CLANG_ENABLE_OBJC_ARC = YES;
				CLANG_ENABLE_OBJC_WEAK = YES;
				CLANG_WARN_BLOCK_CAPTURE_AUTORELEASING = YES;
				CLANG_WARN_BOOL_CONVERSION = YES;
				CLANG_WARN_COMMA = YES;
				CLANG_WARN_CONSTANT_CONVERSION = YES;
				CLANG_WARN_DEPRECATED_OBJC_IMPLEMENTATIONS = YES;
				CLANG_WARN_DIRECT_OBJC_ISA_USAGE = YES_ERROR;
				CLANG_WARN_DOCUMENTATION_COMMENTS = YES;
				CLANG_WARN_EMPTY_BODY = YES;
				CLANG_WARN_ENUM_CONVERSION = YES;
				CLANG_WARN_INFINITE_RECURSION = YES;
				CLANG_WARN_INT_CONVERSION = YES;
				CLANG_WARN_NON_LITERAL_NULL_CONVERSION = YES;
				CLANG_WARN_OBJC_IMPLICIT_RETAIN_SELF = YES;
				CLANG_WARN_OBJC_LITERAL_CONVERSION = YES;
				CLANG_WARN_OBJC_ROOT_CLASS = YES_ERROR;
				CLANG_WARN_QUOTED_INCLUDE_IN_FRAMEWORK_HEADER = YES;
				CLANG_WARN_RANGE_LOOP_ANALYSIS = YES;
				CLANG_WARN_STRICT_PROTOTYPES = YES;
				CLANG_WARN_SUSPICIOUS_MOVE = YES;
				CLANG_WARN_UNGUARDED_AVAILABILITY = YES_AGGRESSIVE;
				CLANG_WARN_UNREACHABLE_CODE = YES;
				CLANG_WARN__DUPLICATE_METHOD_MATCH = YES;
				COPY_PHASE_STRIP = NO;
				DEBUG_INFORMATION_FORMAT = "dwarf-with-dsym";
				ENABLE_NS_ASSERTIONS = NO;
				ENABLE_STRICT_OBJC_MSGSEND = YES;
				GCC_C_LANGUAGE_STANDARD = gnu11;
				GCC_NO_COMMON_BLOCKS = YES;
				GCC_WARN_64_TO_32_BIT_CONVERSION = YES;
				GCC_WARN_ABOUT_RETURN_TYPE = YES_ERROR;
				GCC_WARN_UNDECLARED_SELECTOR = YES;
				GCC_WARN_UNINITIALIZED_AUTOS = YES_AGGRESSIVE;
				GCC_WARN_UNUSED_FUNCTION = YES;
				GCC_WARN_UNUSED_VARIABLE = YES;
				IPHONEOS_DEPLOYMENT_TARGET = 16.4;
				MTL_ENABLE_DEBUG_INFO = NO;
				MTL_FAST_MATH = YES;
				SDKROOT = iphoneos;
				SWIFT_COMPILATION_MODE = wholemodule;
				SWIFT_OPTIMIZATION_LEVEL = "-O";
				VALIDATE_PRODUCT = YES;
			};
			name = Release;
		};
		1A618C992ACF092600115563 /* Debug */ = {
			isa = XCBuildConfiguration;
			buildSettings = {
				ALWAYS_EMBED_SWIFT_STANDARD_LIBRARIES = YES;
				ASSETCATALOG_COMPILER_APPICON_NAME = AppIcon;
				ASSETCATALOG_COMPILER_GLOBAL_ACCENT_COLOR_NAME = AccentColor;
				CODE_SIGN_STYLE = Automatic;
				CURRENT_PROJECT_VERSION = 1;
				DEVELOPMENT_TEAM = S4FV8TVZ7S;
				GENERATE_INFOPLIST_FILE = YES;
				INFOPLIST_FILE = McRadar/Info.plist;
				INFOPLIST_KEY_UIApplicationSupportsIndirectInputEvents = YES;
				INFOPLIST_KEY_UILaunchStoryboardName = LaunchScreen;
				INFOPLIST_KEY_UIMainStoryboardFile = Main;
				INFOPLIST_KEY_UISupportedInterfaceOrientations_iPad = "UIInterfaceOrientationPortrait UIInterfaceOrientationPortraitUpsideDown UIInterfaceOrientationLandscapeLeft UIInterfaceOrientationLandscapeRight";
				INFOPLIST_KEY_UISupportedInterfaceOrientations_iPhone = "UIInterfaceOrientationPortrait UIInterfaceOrientationLandscapeLeft UIInterfaceOrientationLandscapeRight";
				LD_RUNPATH_SEARCH_PATHS = (
					"$(inherited)",
					"@executable_path/Frameworks",
				);
				MARKETING_VERSION = 1.0;
				PRODUCT_BUNDLE_IDENTIFIER = me.Christoffyw.McRadar;
				PRODUCT_NAME = "$(TARGET_NAME)";
				SWIFT_EMIT_LOC_STRINGS = YES;
				SWIFT_VERSION = 5.0;
				TARGETED_DEVICE_FAMILY = "1,2";
			};
			name = Debug;
		};
		1A618C9A2ACF092600115563 /* Release */ = {
			isa = XCBuildConfiguration;
			buildSettings = {
				ALWAYS_EMBED_SWIFT_STANDARD_LIBRARIES = YES;
				ASSETCATALOG_COMPILER_APPICON_NAME = AppIcon;
				ASSETCATALOG_COMPILER_GLOBAL_ACCENT_COLOR_NAME = AccentColor;
				CODE_SIGN_STYLE = Automatic;
				CURRENT_PROJECT_VERSION = 1;
				DEVELOPMENT_TEAM = S4FV8TVZ7S;
				GENERATE_INFOPLIST_FILE = YES;
				INFOPLIST_FILE = McRadar/Info.plist;
				INFOPLIST_KEY_UIApplicationSupportsIndirectInputEvents = YES;
				INFOPLIST_KEY_UILaunchStoryboardName = LaunchScreen;
				INFOPLIST_KEY_UIMainStoryboardFile = Main;
				INFOPLIST_KEY_UISupportedInterfaceOrientations_iPad = "UIInterfaceOrientationPortrait UIInterfaceOrientationPortraitUpsideDown UIInterfaceOrientationLandscapeLeft UIInterfaceOrientationLandscapeRight";
				INFOPLIST_KEY_UISupportedInterfaceOrientations_iPhone = "UIInterfaceOrientationPortrait UIInterfaceOrientationLandscapeLeft UIInterfaceOrientationLandscapeRight";
				LD_RUNPATH_SEARCH_PATHS = (
					"$(inherited)",
					"@executable_path/Frameworks",
				);
				MARKETING_VERSION = 1.0;
				PRODUCT_BUNDLE_IDENTIFIER = me.Christoffyw.McRadar;
				PRODUCT_NAME = "$(TARGET_NAME)";
				SWIFT_EMIT_LOC_STRINGS = YES;
				SWIFT_VERSION = 5.0;
				TARGETED_DEVICE_FAMILY = "1,2";
			};
			name = Release;
		};
		1A618C9C2ACF092600115563 /* Debug */ = {
			isa = XCBuildConfiguration;
			buildSettings = {
				ALWAYS_EMBED_SWIFT_STANDARD_LIBRARIES = YES;
				BUNDLE_LOADER = "$(TEST_HOST)";
				CODE_SIGN_STYLE = Automatic;
				CURRENT_PROJECT_VERSION = 1;
				DEVELOPMENT_TEAM = S4FV8TVZ7S;
				GENERATE_INFOPLIST_FILE = YES;
				IPHONEOS_DEPLOYMENT_TARGET = 16.4;
				MARKETING_VERSION = 1.0;
				PRODUCT_BUNDLE_IDENTIFIER = me.Christoffyw.McRadarTests;
				PRODUCT_NAME = "$(TARGET_NAME)";
				SWIFT_EMIT_LOC_STRINGS = NO;
				SWIFT_VERSION = 5.0;
				TARGETED_DEVICE_FAMILY = "1,2";
				TEST_HOST = "$(BUILT_PRODUCTS_DIR)/McRadar.app/$(BUNDLE_EXECUTABLE_FOLDER_PATH)/McRadar";
			};
			name = Debug;
		};
		1A618C9D2ACF092600115563 /* Release */ = {
			isa = XCBuildConfiguration;
			buildSettings = {
				ALWAYS_EMBED_SWIFT_STANDARD_LIBRARIES = YES;
				BUNDLE_LOADER = "$(TEST_HOST)";
				CODE_SIGN_STYLE = Automatic;
				CURRENT_PROJECT_VERSION = 1;
				DEVELOPMENT_TEAM = S4FV8TVZ7S;
				GENERATE_INFOPLIST_FILE = YES;
				IPHONEOS_DEPLOYMENT_TARGET = 16.4;
				MARKETING_VERSION = 1.0;
				PRODUCT_BUNDLE_IDENTIFIER = me.Christoffyw.McRadarTests;
				PRODUCT_NAME = "$(TARGET_NAME)";
				SWIFT_EMIT_LOC_STRINGS = NO;
				SWIFT_VERSION = 5.0;
				TARGETED_DEVICE_FAMILY = "1,2";
				TEST_HOST = "$(BUILT_PRODUCTS_DIR)/McRadar.app/$(BUNDLE_EXECUTABLE_FOLDER_PATH)/McRadar";
			};
			name = Release;
		};
		1A618C9F2ACF092600115563 /* Debug */ = {
			isa = XCBuildConfiguration;
			buildSettings = {
				ALWAYS_EMBED_SWIFT_STANDARD_LIBRARIES = YES;
				CODE_SIGN_STYLE = Automatic;
				CURRENT_PROJECT_VERSION = 1;
				DEVELOPMENT_TEAM = S4FV8TVZ7S;
				GENERATE_INFOPLIST_FILE = YES;
				MARKETING_VERSION = 1.0;
				PRODUCT_BUNDLE_IDENTIFIER = me.Christoffyw.McRadarUITests;
				PRODUCT_NAME = "$(TARGET_NAME)";
				SWIFT_EMIT_LOC_STRINGS = NO;
				SWIFT_VERSION = 5.0;
				TARGETED_DEVICE_FAMILY = "1,2";
				TEST_TARGET_NAME = McRadar;
			};
			name = Debug;
		};
		1A618CA02ACF092600115563 /* Release */ = {
			isa = XCBuildConfiguration;
			buildSettings = {
				ALWAYS_EMBED_SWIFT_STANDARD_LIBRARIES = YES;
				CODE_SIGN_STYLE = Automatic;
				CURRENT_PROJECT_VERSION = 1;
				DEVELOPMENT_TEAM = S4FV8TVZ7S;
				GENERATE_INFOPLIST_FILE = YES;
				MARKETING_VERSION = 1.0;
				PRODUCT_BUNDLE_IDENTIFIER = me.Christoffyw.McRadarUITests;
				PRODUCT_NAME = "$(TARGET_NAME)";
				SWIFT_EMIT_LOC_STRINGS = NO;
				SWIFT_VERSION = 5.0;
				TARGETED_DEVICE_FAMILY = "1,2";
				TEST_TARGET_NAME = McRadar;
			};
			name = Release;
		};
		1A618CBC2ACF099E00115563 /* Debug */ = {
			isa = XCBuildConfiguration;
			buildSettings = {
				ASSETCATALOG_COMPILER_GLOBAL_ACCENT_COLOR_NAME = AccentColor;
				ASSETCATALOG_COMPILER_WIDGET_BACKGROUND_COLOR_NAME = WidgetBackground;
				CODE_SIGN_STYLE = Automatic;
				CURRENT_PROJECT_VERSION = 1;
				DEVELOPMENT_TEAM = S4FV8TVZ7S;
				GENERATE_INFOPLIST_FILE = YES;
				INFOPLIST_FILE = McWidget/Info.plist;
				INFOPLIST_KEY_CFBundleDisplayName = McWidget;
				INFOPLIST_KEY_NSHumanReadableCopyright = "";
				LD_RUNPATH_SEARCH_PATHS = (
					"$(inherited)",
					"@executable_path/Frameworks",
					"@executable_path/../../Frameworks",
				);
				MARKETING_VERSION = 1.0;
				PRODUCT_BUNDLE_IDENTIFIER = me.Christoffyw.McRadar.McWidget;
				PRODUCT_NAME = "$(TARGET_NAME)";
				SKIP_INSTALL = YES;
				SWIFT_EMIT_LOC_STRINGS = YES;
				SWIFT_VERSION = 5.0;
				TARGETED_DEVICE_FAMILY = "1,2";
			};
			name = Debug;
		};
		1A618CBD2ACF099E00115563 /* Release */ = {
			isa = XCBuildConfiguration;
			buildSettings = {
				ASSETCATALOG_COMPILER_GLOBAL_ACCENT_COLOR_NAME = AccentColor;
				ASSETCATALOG_COMPILER_WIDGET_BACKGROUND_COLOR_NAME = WidgetBackground;
				CODE_SIGN_STYLE = Automatic;
				CURRENT_PROJECT_VERSION = 1;
				DEVELOPMENT_TEAM = S4FV8TVZ7S;
				GENERATE_INFOPLIST_FILE = YES;
				INFOPLIST_FILE = McWidget/Info.plist;
				INFOPLIST_KEY_CFBundleDisplayName = McWidget;
				INFOPLIST_KEY_NSHumanReadableCopyright = "";
				LD_RUNPATH_SEARCH_PATHS = (
					"$(inherited)",
					"@executable_path/Frameworks",
					"@executable_path/../../Frameworks",
				);
				MARKETING_VERSION = 1.0;
				PRODUCT_BUNDLE_IDENTIFIER = me.Christoffyw.McRadar.McWidget;
				PRODUCT_NAME = "$(TARGET_NAME)";
				SKIP_INSTALL = YES;
				SWIFT_EMIT_LOC_STRINGS = YES;
				SWIFT_VERSION = 5.0;
				TARGETED_DEVICE_FAMILY = "1,2";
			};
			name = Release;
		};
/* End XCBuildConfiguration section */

/* Begin XCConfigurationList section */
		1A618C692ACF092500115563 /* Build configuration list for PBXProject "McRadar" */ = {
			isa = XCConfigurationList;
			buildConfigurations = (
				1A618C962ACF092600115563 /* Debug */,
				1A618C972ACF092600115563 /* Release */,
			);
			defaultConfigurationIsVisible = 0;
			defaultConfigurationName = Release;
		};
		1A618C982ACF092600115563 /* Build configuration list for PBXNativeTarget "McRadar" */ = {
			isa = XCConfigurationList;
			buildConfigurations = (
				1A618C992ACF092600115563 /* Debug */,
				1A618C9A2ACF092600115563 /* Release */,
			);
			defaultConfigurationIsVisible = 0;
			defaultConfigurationName = Release;
		};
		1A618C9B2ACF092600115563 /* Build configuration list for PBXNativeTarget "McRadarTests" */ = {
			isa = XCConfigurationList;
			buildConfigurations = (
				1A618C9C2ACF092600115563 /* Debug */,
				1A618C9D2ACF092600115563 /* Release */,
			);
			defaultConfigurationIsVisible = 0;
			defaultConfigurationName = Release;
		};
		1A618C9E2ACF092600115563 /* Build configuration list for PBXNativeTarget "McRadarUITests" */ = {
			isa = XCConfigurationList;
			buildConfigurations = (
				1A618C9F2ACF092600115563 /* Debug */,
				1A618CA02ACF092600115563 /* Release */,
			);
			defaultConfigurationIsVisible = 0;
			defaultConfigurationName = Release;
		};
		1A618CBB2ACF099E00115563 /* Build configuration list for PBXNativeTarget "McWidgetExtension" */ = {
			isa = XCConfigurationList;
			buildConfigurations = (
				1A618CBC2ACF099E00115563 /* Debug */,
				1A618CBD2ACF099E00115563 /* Release */,
			);
			defaultConfigurationIsVisible = 0;
			defaultConfigurationName = Release;
		};
/* End XCConfigurationList section */
	};
	rootObject = 1A618C662ACF092500115563 /* Project object */;
}
